// !$*UTF8*$!
{
	archiveVersion = 1;
	classes = {
	};
	objectVersion = 46;
	objects = {

/* Begin PBXBuildFile section */
		59015E0D1CF7FC8C0079B215 /* UIColor+ColorFromHex.m in Sources */ = {isa = PBXBuildFile; fileRef = 59015E0C1CF7FC8C0079B215 /* UIColor+ColorFromHex.m */; };
		590808001CF6FEB2003536B4 /* Default-568h@2x.png in Resources */ = {isa = PBXBuildFile; fileRef = 590807FC1CF6FEB2003536B4 /* Default-568h@2x.png */; };
		590808011CF6FEB2003536B4 /* Default-Portrait.png in Resources */ = {isa = PBXBuildFile; fileRef = 590807FD1CF6FEB2003536B4 /* Default-Portrait.png */; };
		590808021CF6FEB2003536B4 /* Default.png in Resources */ = {isa = PBXBuildFile; fileRef = 590807FE1CF6FEB2003536B4 /* Default.png */; };
		590808031CF6FEB2003536B4 /* Default@2x.png in Resources */ = {isa = PBXBuildFile; fileRef = 590807FF1CF6FEB2003536B4 /* Default@2x.png */; };
		5914430D1CFDC276003E8995 /* AudioToolbox.framework in Frameworks */ = {isa = PBXBuildFile; fileRef = 5914430C1CFDC276003E8995 /* AudioToolbox.framework */; };
		591443121CFDC30A003E8995 /* fail.wav in Resources */ = {isa = PBXBuildFile; fileRef = 5914430E1CFDC30A003E8995 /* fail.wav */; };
		591443131CFDC30A003E8995 /* letter_tap.wav in Resources */ = {isa = PBXBuildFile; fileRef = 5914430F1CFDC30A003E8995 /* letter_tap.wav */; };
		591443141CFDC30A003E8995 /* success.wav in Resources */ = {isa = PBXBuildFile; fileRef = 591443101CFDC30A003E8995 /* success.wav */; };
		591443151CFDC30A003E8995 /* tap.wav in Resources */ = {isa = PBXBuildFile; fileRef = 591443111CFDC30A003E8995 /* tap.wav */; };
		591BCC661CFC4C63006A27F9 /* ViewCellStack.m in Sources */ = {isa = PBXBuildFile; fileRef = 591BCC651CFC4C63006A27F9 /* ViewCellStack.m */; };
		591BCC6F1CFC65A0006A27F9 /* GameViewController1.m in Sources */ = {isa = PBXBuildFile; fileRef = 591BCC6D1CFC65A0006A27F9 /* GameViewController1.m */; };
		591BCC701CFC65A0006A27F9 /* GameViewController1.xib in Resources */ = {isa = PBXBuildFile; fileRef = 591BCC6E1CFC65A0006A27F9 /* GameViewController1.xib */; };
		59242E891CF435E200D4C903 /* LetterCollectionViewCell.m in Sources */ = {isa = PBXBuildFile; fileRef = 59242E871CF435E200D4C903 /* LetterCollectionViewCell.m */; };
		59242E8A1CF435E200D4C903 /* LetterCollectionViewCell.xib in Resources */ = {isa = PBXBuildFile; fileRef = 59242E881CF435E200D4C903 /* LetterCollectionViewCell.xib */; };
		59242E8D1CF4587400D4C903 /* Task.m in Sources */ = {isa = PBXBuildFile; fileRef = 59242E8C1CF4587400D4C903 /* Task.m */; };
		599077331CF2F0BB0057581D /* main.m in Sources */ = {isa = PBXBuildFile; fileRef = 599077321CF2F0BB0057581D /* main.m */; };
		599077361CF2F0BB0057581D /* AppDelegate.m in Sources */ = {isa = PBXBuildFile; fileRef = 599077351CF2F0BB0057581D /* AppDelegate.m */; };
		5990773F1CF2F0BD0057581D /* StudyGameProject.xcdatamodeld in Sources */ = {isa = PBXBuildFile; fileRef = 5990773D1CF2F0BD0057581D /* StudyGameProject.xcdatamodeld */; };
		599077411CF2F0BE0057581D /* Assets.xcassets in Resources */ = {isa = PBXBuildFile; fileRef = 599077401CF2F0BE0057581D /* Assets.xcassets */; };
		599077441CF2F0BE0057581D /* LaunchScreen.storyboard in Resources */ = {isa = PBXBuildFile; fileRef = 599077421CF2F0BE0057581D /* LaunchScreen.storyboard */; };
		5990774F1CF2F0C00057581D /* StudyGameProjectTests.m in Sources */ = {isa = PBXBuildFile; fileRef = 5990774E1CF2F0C00057581D /* StudyGameProjectTests.m */; };
		5990775C1CF2FFA90057581D /* MainViewController.m in Sources */ = {isa = PBXBuildFile; fileRef = 5990775A1CF2FFA90057581D /* MainViewController.m */; };
		5990775D1CF2FFA90057581D /* MainViewController.xib in Resources */ = {isa = PBXBuildFile; fileRef = 5990775B1CF2FFA90057581D /* MainViewController.xib */; };
		599077621CF3099C0057581D /* GameViewController.m in Sources */ = {isa = PBXBuildFile; fileRef = 599077601CF3099C0057581D /* GameViewController.m */; };
		599077631CF3099C0057581D /* GameViewController.xib in Resources */ = {isa = PBXBuildFile; fileRef = 599077611CF3099C0057581D /* GameViewController.xib */; };
		59B35D031CF550280078B56A /* TaskManager.m in Sources */ = {isa = PBXBuildFile; fileRef = 59B35D021CF550280078B56A /* TaskManager.m */; };
		59E112A31CF8456F00E394D7 /* 1.png in Resources */ = {isa = PBXBuildFile; fileRef = 59E112A21CF8456E00E394D7 /* 1.png */; };
		59F1AEBB1CFEA63A00F9857B /* AVFoundation.framework in Frameworks */ = {isa = PBXBuildFile; fileRef = 59F1AEBA1CFEA63A00F9857B /* AVFoundation.framework */; };
/* End PBXBuildFile section */

/* Begin PBXContainerItemProxy section */
		5990774B1CF2F0C00057581D /* PBXContainerItemProxy */ = {
			isa = PBXContainerItemProxy;
			containerPortal = 599077261CF2F0B30057581D /* Project object */;
			proxyType = 1;
			remoteGlobalIDString = 5990772D1CF2F0B50057581D;
			remoteInfo = StudyGameProject;
		};
/* End PBXContainerItemProxy section */

/* Begin PBXFileReference section */
		59015E0B1CF7FC8C0079B215 /* UIColor+ColorFromHex.h */ = {isa = PBXFileReference; fileEncoding = 4; lastKnownFileType = sourcecode.c.h; path = "UIColor+ColorFromHex.h"; sourceTree = "<group>"; };
		59015E0C1CF7FC8C0079B215 /* UIColor+ColorFromHex.m */ = {isa = PBXFileReference; fileEncoding = 4; lastKnownFileType = sourcecode.c.objc; path = "UIColor+ColorFromHex.m"; sourceTree = "<group>"; };
		590807FC1CF6FEB2003536B4 /* Default-568h@2x.png */ = {isa = PBXFileReference; lastKnownFileType = image.png; path = "Default-568h@2x.png"; sourceTree = "<group>"; };
		590807FD1CF6FEB2003536B4 /* Default-Portrait.png */ = {isa = PBXFileReference; lastKnownFileType = image.png; path = "Default-Portrait.png"; sourceTree = "<group>"; };
		590807FE1CF6FEB2003536B4 /* Default.png */ = {isa = PBXFileReference; lastKnownFileType = image.png; path = Default.png; sourceTree = "<group>"; };
		590807FF1CF6FEB2003536B4 /* Default@2x.png */ = {isa = PBXFileReference; lastKnownFileType = image.png; path = "Default@2x.png"; sourceTree = "<group>"; };
		5914430C1CFDC276003E8995 /* AudioToolbox.framework */ = {isa = PBXFileReference; lastKnownFileType = wrapper.framework; name = AudioToolbox.framework; path = System/Library/Frameworks/AudioToolbox.framework; sourceTree = SDKROOT; };
		5914430E1CFDC30A003E8995 /* fail.wav */ = {isa = PBXFileReference; lastKnownFileType = audio.wav; name = fail.wav; path = ../../Game/Sounds/fail.wav; sourceTree = "<group>"; };
		5914430F1CFDC30A003E8995 /* letter_tap.wav */ = {isa = PBXFileReference; lastKnownFileType = audio.wav; name = letter_tap.wav; path = ../../Game/Sounds/letter_tap.wav; sourceTree = "<group>"; };
		591443101CFDC30A003E8995 /* success.wav */ = {isa = PBXFileReference; lastKnownFileType = audio.wav; name = success.wav; path = ../../Game/Sounds/success.wav; sourceTree = "<group>"; };
		591443111CFDC30A003E8995 /* tap.wav */ = {isa = PBXFileReference; lastKnownFileType = audio.wav; name = tap.wav; path = ../../Game/Sounds/tap.wav; sourceTree = "<group>"; };
		591BCC641CFC4C05006A27F9 /* ViewCellStack.h */ = {isa = PBXFileReference; fileEncoding = 4; lastKnownFileType = sourcecode.c.h; path = ViewCellStack.h; sourceTree = "<group>"; };
		591BCC651CFC4C63006A27F9 /* ViewCellStack.m */ = {isa = PBXFileReference; fileEncoding = 4; lastKnownFileType = sourcecode.c.objc; path = ViewCellStack.m; sourceTree = "<group>"; };
		591BCC6C1CFC65A0006A27F9 /* GameViewController1.h */ = {isa = PBXFileReference; fileEncoding = 4; lastKnownFileType = sourcecode.c.h; name = GameViewController1.h; path = ../GameViewController1.h; sourceTree = "<group>"; };
		591BCC6D1CFC65A0006A27F9 /* GameViewController1.m */ = {isa = PBXFileReference; fileEncoding = 4; lastKnownFileType = sourcecode.c.objc; name = GameViewController1.m; path = ../GameViewController1.m; sourceTree = "<group>"; };
		591BCC6E1CFC65A0006A27F9 /* GameViewController1.xib */ = {isa = PBXFileReference; fileEncoding = 4; lastKnownFileType = file.xib; name = GameViewController1.xib; path = ../GameViewController1.xib; sourceTree = "<group>"; };
		59242E861CF435E200D4C903 /* LetterCollectionViewCell.h */ = {isa = PBXFileReference; fileEncoding = 4; lastKnownFileType = sourcecode.c.h; path = LetterCollectionViewCell.h; sourceTree = "<group>"; };
		59242E871CF435E200D4C903 /* LetterCollectionViewCell.m */ = {isa = PBXFileReference; fileEncoding = 4; lastKnownFileType = sourcecode.c.objc; path = LetterCollectionViewCell.m; sourceTree = "<group>"; };
		59242E881CF435E200D4C903 /* LetterCollectionViewCell.xib */ = {isa = PBXFileReference; fileEncoding = 4; lastKnownFileType = file.xib; path = LetterCollectionViewCell.xib; sourceTree = "<group>"; };
		59242E8B1CF4587400D4C903 /* Task.h */ = {isa = PBXFileReference; fileEncoding = 4; lastKnownFileType = sourcecode.c.h; path = Task.h; sourceTree = "<group>"; };
		59242E8C1CF4587400D4C903 /* Task.m */ = {isa = PBXFileReference; fileEncoding = 4; lastKnownFileType = sourcecode.c.objc; path = Task.m; sourceTree = "<group>"; };
		5990772E1CF2F0B60057581D /* StudyGameProject.app */ = {isa = PBXFileReference; explicitFileType = wrapper.application; includeInIndex = 0; path = StudyGameProject.app; sourceTree = BUILT_PRODUCTS_DIR; };
		599077321CF2F0BB0057581D /* main.m */ = {isa = PBXFileReference; lastKnownFileType = sourcecode.c.objc; path = main.m; sourceTree = "<group>"; };
		599077341CF2F0BB0057581D /* AppDelegate.h */ = {isa = PBXFileReference; lastKnownFileType = sourcecode.c.h; path = AppDelegate.h; sourceTree = "<group>"; };
		599077351CF2F0BB0057581D /* AppDelegate.m */ = {isa = PBXFileReference; lastKnownFileType = sourcecode.c.objc; path = AppDelegate.m; sourceTree = "<group>"; };
		5990773E1CF2F0BD0057581D /* StudyGameProject.xcdatamodel */ = {isa = PBXFileReference; lastKnownFileType = wrapper.xcdatamodel; path = StudyGameProject.xcdatamodel; sourceTree = "<group>"; };
		599077401CF2F0BE0057581D /* Assets.xcassets */ = {isa = PBXFileReference; lastKnownFileType = folder.assetcatalog; path = Assets.xcassets; sourceTree = "<group>"; };
		599077431CF2F0BE0057581D /* Base */ = {isa = PBXFileReference; lastKnownFileType = file.storyboard; name = Base; path = Base.lproj/LaunchScreen.storyboard; sourceTree = "<group>"; };
		599077451CF2F0BF0057581D /* Info.plist */ = {isa = PBXFileReference; lastKnownFileType = text.plist.xml; path = Info.plist; sourceTree = "<group>"; };
		5990774A1CF2F0C00057581D /* StudyGameProjectTests.xctest */ = {isa = PBXFileReference; explicitFileType = wrapper.cfbundle; includeInIndex = 0; path = StudyGameProjectTests.xctest; sourceTree = BUILT_PRODUCTS_DIR; };
		5990774E1CF2F0C00057581D /* StudyGameProjectTests.m */ = {isa = PBXFileReference; lastKnownFileType = sourcecode.c.objc; path = StudyGameProjectTests.m; sourceTree = "<group>"; };
		599077501CF2F0C00057581D /* Info.plist */ = {isa = PBXFileReference; lastKnownFileType = text.plist.xml; path = Info.plist; sourceTree = "<group>"; };
		599077591CF2FFA90057581D /* MainViewController.h */ = {isa = PBXFileReference; fileEncoding = 4; lastKnownFileType = sourcecode.c.h; path = MainViewController.h; sourceTree = "<group>"; };
		5990775A1CF2FFA90057581D /* MainViewController.m */ = {isa = PBXFileReference; fileEncoding = 4; lastKnownFileType = sourcecode.c.objc; path = MainViewController.m; sourceTree = "<group>"; };
		5990775B1CF2FFA90057581D /* MainViewController.xib */ = {isa = PBXFileReference; fileEncoding = 4; lastKnownFileType = file.xib; path = MainViewController.xib; sourceTree = "<group>"; };
		5990775F1CF3099C0057581D /* GameViewController.h */ = {isa = PBXFileReference; fileEncoding = 4; lastKnownFileType = sourcecode.c.h; path = GameViewController.h; sourceTree = "<group>"; };
		599077601CF3099C0057581D /* GameViewController.m */ = {isa = PBXFileReference; fileEncoding = 4; lastKnownFileType = sourcecode.c.objc; path = GameViewController.m; sourceTree = "<group>"; };
		599077611CF3099C0057581D /* GameViewController.xib */ = {isa = PBXFileReference; fileEncoding = 4; lastKnownFileType = file.xib; path = GameViewController.xib; sourceTree = "<group>"; };
		59B35D011CF550270078B56A /* TaskManager.h */ = {isa = PBXFileReference; fileEncoding = 4; lastKnownFileType = sourcecode.c.h; path = TaskManager.h; sourceTree = "<group>"; };
		59B35D021CF550280078B56A /* TaskManager.m */ = {isa = PBXFileReference; fileEncoding = 4; lastKnownFileType = sourcecode.c.objc; path = TaskManager.m; sourceTree = "<group>"; };
		59E112A21CF8456E00E394D7 /* 1.png */ = {isa = PBXFileReference; lastKnownFileType = image.png; path = 1.png; sourceTree = "<group>"; };
		59F1AEBA1CFEA63A00F9857B /* AVFoundation.framework */ = {isa = PBXFileReference; lastKnownFileType = wrapper.framework; name = AVFoundation.framework; path = System/Library/Frameworks/AVFoundation.framework; sourceTree = SDKROOT; };
/* End PBXFileReference section */

/* Begin PBXFrameworksBuildPhase section */
		5990772B1CF2F0B50057581D /* Frameworks */ = {
			isa = PBXFrameworksBuildPhase;
			buildActionMask = 2147483647;
			files = (
				59F1AEBB1CFEA63A00F9857B /* AVFoundation.framework in Frameworks */,
				5914430D1CFDC276003E8995 /* AudioToolbox.framework in Frameworks */,
			);
			runOnlyForDeploymentPostprocessing = 0;
		};
		599077471CF2F0C00057581D /* Frameworks */ = {
			isa = PBXFrameworksBuildPhase;
			buildActionMask = 2147483647;
			files = (
			);
			runOnlyForDeploymentPostprocessing = 0;
		};
/* End PBXFrameworksBuildPhase section */

/* Begin PBXGroup section */
		591443161CFDC30F003E8995 /* sounds */ = {
			isa = PBXGroup;
			children = (
				5914430E1CFDC30A003E8995 /* fail.wav */,
				5914430F1CFDC30A003E8995 /* letter_tap.wav */,
				591443101CFDC30A003E8995 /* success.wav */,
				591443111CFDC30A003E8995 /* tap.wav */,
			);
			name = sounds;
			sourceTree = "<group>";
		};
		599077251CF2F0B30057581D = {
			isa = PBXGroup;
			children = (
				59F1AEBA1CFEA63A00F9857B /* AVFoundation.framework */,
				5914430C1CFDC276003E8995 /* AudioToolbox.framework */,
				599077301CF2F0BA0057581D /* StudyGameProject */,
				5990774D1CF2F0C00057581D /* StudyGameProjectTests */,
				5990772F1CF2F0B60057581D /* Products */,
			);
			sourceTree = "<group>";
		};
		5990772F1CF2F0B60057581D /* Products */ = {
			isa = PBXGroup;
			children = (
				5990772E1CF2F0B60057581D /* StudyGameProject.app */,
				5990774A1CF2F0C00057581D /* StudyGameProjectTests.xctest */,
			);
			name = Products;
			sourceTree = "<group>";
		};
		599077301CF2F0BA0057581D /* StudyGameProject */ = {
			isa = PBXGroup;
			children = (
				591443161CFDC30F003E8995 /* sounds */,
				5990775E1CF3017B0057581D /* img */,
				599077591CF2FFA90057581D /* MainViewController.h */,
				5990775A1CF2FFA90057581D /* MainViewController.m */,
				5990775B1CF2FFA90057581D /* MainViewController.xib */,
				599077341CF2F0BB0057581D /* AppDelegate.h */,
				599077351CF2F0BB0057581D /* AppDelegate.m */,
				599077401CF2F0BE0057581D /* Assets.xcassets */,
				599077421CF2F0BE0057581D /* LaunchScreen.storyboard */,
				599077451CF2F0BF0057581D /* Info.plist */,
				5990773D1CF2F0BD0057581D /* StudyGameProject.xcdatamodeld */,
				599077311CF2F0BA0057581D /* Supporting Files */,
				5990775F1CF3099C0057581D /* GameViewController.h */,
				591BCC6C1CFC65A0006A27F9 /* GameViewController1.h */,
				591BCC6D1CFC65A0006A27F9 /* GameViewController1.m */,
				591BCC6E1CFC65A0006A27F9 /* GameViewController1.xib */,
				599077601CF3099C0057581D /* GameViewController.m */,
				599077611CF3099C0057581D /* GameViewController.xib */,
				59242E861CF435E200D4C903 /* LetterCollectionViewCell.h */,
				59242E871CF435E200D4C903 /* LetterCollectionViewCell.m */,
				59242E881CF435E200D4C903 /* LetterCollectionViewCell.xib */,
				59242E8B1CF4587400D4C903 /* Task.h */,
				59242E8C1CF4587400D4C903 /* Task.m */,
				59B35D011CF550270078B56A /* TaskManager.h */,
				59B35D021CF550280078B56A /* TaskManager.m */,
				59015E0B1CF7FC8C0079B215 /* UIColor+ColorFromHex.h */,
				59015E0C1CF7FC8C0079B215 /* UIColor+ColorFromHex.m */,
				591BCC641CFC4C05006A27F9 /* ViewCellStack.h */,
				591BCC651CFC4C63006A27F9 /* ViewCellStack.m */,
			);
			path = StudyGameProject;
			sourceTree = "<group>";
		};
		599077311CF2F0BA0057581D /* Supporting Files */ = {
			isa = PBXGroup;
			children = (
				599077321CF2F0BB0057581D /* main.m */,
			);
			name = "Supporting Files";
			sourceTree = "<group>";
		};
		5990774D1CF2F0C00057581D /* StudyGameProjectTests */ = {
			isa = PBXGroup;
			children = (
				5990774E1CF2F0C00057581D /* StudyGameProjectTests.m */,
				599077501CF2F0C00057581D /* Info.plist */,
			);
			path = StudyGameProjectTests;
			sourceTree = "<group>";
		};
		5990775E1CF3017B0057581D /* img */ = {
			isa = PBXGroup;
			children = (
				59E112A21CF8456E00E394D7 /* 1.png */,
				590807FC1CF6FEB2003536B4 /* Default-568h@2x.png */,
				590807FD1CF6FEB2003536B4 /* Default-Portrait.png */,
				590807FE1CF6FEB2003536B4 /* Default.png */,
				590807FF1CF6FEB2003536B4 /* Default@2x.png */,
			);
			name = img;
			sourceTree = "<group>";
		};
/* End PBXGroup section */

/* Begin PBXNativeTarget section */
		5990772D1CF2F0B50057581D /* StudyGameProject */ = {
			isa = PBXNativeTarget;
			buildConfigurationList = 599077531CF2F0C10057581D /* Build configuration list for PBXNativeTarget "StudyGameProject" */;
			buildPhases = (
				5990772A1CF2F0B50057581D /* Sources */,
				5990772B1CF2F0B50057581D /* Frameworks */,
				5990772C1CF2F0B50057581D /* Resources */,
			);
			buildRules = (
			);
			dependencies = (
			);
			name = StudyGameProject;
			productName = StudyGameProject;
			productReference = 5990772E1CF2F0B60057581D /* StudyGameProject.app */;
			productType = "com.apple.product-type.application";
		};
		599077491CF2F0C00057581D /* StudyGameProjectTests */ = {
			isa = PBXNativeTarget;
			buildConfigurationList = 599077561CF2F0C10057581D /* Build configuration list for PBXNativeTarget "StudyGameProjectTests" */;
			buildPhases = (
				599077461CF2F0C00057581D /* Sources */,
				599077471CF2F0C00057581D /* Frameworks */,
				599077481CF2F0C00057581D /* Resources */,
			);
			buildRules = (
			);
			dependencies = (
				5990774C1CF2F0C00057581D /* PBXTargetDependency */,
			);
			name = StudyGameProjectTests;
			productName = StudyGameProjectTests;
			productReference = 5990774A1CF2F0C00057581D /* StudyGameProjectTests.xctest */;
			productType = "com.apple.product-type.bundle.unit-test";
		};
/* End PBXNativeTarget section */

/* Begin PBXProject section */
		599077261CF2F0B30057581D /* Project object */ = {
			isa = PBXProject;
			attributes = {
				LastUpgradeCheck = 0730;
				ORGANIZATIONNAME = Rhinoda;
				TargetAttributes = {
					5990772D1CF2F0B50057581D = {
						CreatedOnToolsVersion = 7.3;
					};
					599077491CF2F0C00057581D = {
						CreatedOnToolsVersion = 7.3;
						TestTargetID = 5990772D1CF2F0B50057581D;
					};
				};
			};
			buildConfigurationList = 599077291CF2F0B30057581D /* Build configuration list for PBXProject "StudyGameProject" */;
			compatibilityVersion = "Xcode 3.2";
			developmentRegion = English;
			hasScannedForEncodings = 0;
			knownRegions = (
				en,
				Base,
			);
			mainGroup = 599077251CF2F0B30057581D;
			productRefGroup = 5990772F1CF2F0B60057581D /* Products */;
			projectDirPath = "";
			projectRoot = "";
			targets = (
				5990772D1CF2F0B50057581D /* StudyGameProject */,
				599077491CF2F0C00057581D /* StudyGameProjectTests */,
			);
		};
/* End PBXProject section */

/* Begin PBXResourcesBuildPhase section */
		5990772C1CF2F0B50057581D /* Resources */ = {
			isa = PBXResourcesBuildPhase;
			buildActionMask = 2147483647;
			files = (
				591443121CFDC30A003E8995 /* fail.wav in Resources */,
				599077631CF3099C0057581D /* GameViewController.xib in Resources */,
				599077441CF2F0BE0057581D /* LaunchScreen.storyboard in Resources */,
				591BCC701CFC65A0006A27F9 /* GameViewController1.xib in Resources */,
				590808001CF6FEB2003536B4 /* Default-568h@2x.png in Resources */,
				591443131CFDC30A003E8995 /* letter_tap.wav in Resources */,
				590808031CF6FEB2003536B4 /* Default@2x.png in Resources */,
				59E112A31CF8456F00E394D7 /* 1.png in Resources */,
				590808021CF6FEB2003536B4 /* Default.png in Resources */,
				591443151CFDC30A003E8995 /* tap.wav in Resources */,
				59242E8A1CF435E200D4C903 /* LetterCollectionViewCell.xib in Resources */,
				591443141CFDC30A003E8995 /* success.wav in Resources */,
				5990775D1CF2FFA90057581D /* MainViewController.xib in Resources */,
				590808011CF6FEB2003536B4 /* Default-Portrait.png in Resources */,
				599077411CF2F0BE0057581D /* Assets.xcassets in Resources */,
			);
			runOnlyForDeploymentPostprocessing = 0;
		};
		599077481CF2F0C00057581D /* Resources */ = {
			isa = PBXResourcesBuildPhase;
			buildActionMask = 2147483647;
			files = (
			);
			runOnlyForDeploymentPostprocessing = 0;
		};
/* End PBXResourcesBuildPhase section */

/* Begin PBXSourcesBuildPhase section */
		5990772A1CF2F0B50057581D /* Sources */ = {
			isa = PBXSourcesBuildPhase;
			buildActionMask = 2147483647;
			files = (
				59242E8D1CF4587400D4C903 /* Task.m in Sources */,
				599077621CF3099C0057581D /* GameViewController.m in Sources */,
				599077361CF2F0BB0057581D /* AppDelegate.m in Sources */,
				599077331CF2F0BB0057581D /* main.m in Sources */,
				591BCC6F1CFC65A0006A27F9 /* GameViewController1.m in Sources */,
				5990773F1CF2F0BD0057581D /* StudyGameProject.xcdatamodeld in Sources */,
				59242E891CF435E200D4C903 /* LetterCollectionViewCell.m in Sources */,
				59B35D031CF550280078B56A /* TaskManager.m in Sources */,
				5990775C1CF2FFA90057581D /* MainViewController.m in Sources */,
				59015E0D1CF7FC8C0079B215 /* UIColor+ColorFromHex.m in Sources */,
				591BCC661CFC4C63006A27F9 /* ViewCellStack.m in Sources */,
			);
			runOnlyForDeploymentPostprocessing = 0;
		};
		599077461CF2F0C00057581D /* Sources */ = {
			isa = PBXSourcesBuildPhase;
			buildActionMask = 2147483647;
			files = (
				5990774F1CF2F0C00057581D /* StudyGameProjectTests.m in Sources */,
			);
			runOnlyForDeploymentPostprocessing = 0;
		};
/* End PBXSourcesBuildPhase section */

/* Begin PBXTargetDependency section */
		5990774C1CF2F0C00057581D /* PBXTargetDependency */ = {
			isa = PBXTargetDependency;
			target = 5990772D1CF2F0B50057581D /* StudyGameProject */;
			targetProxy = 5990774B1CF2F0C00057581D /* PBXContainerItemProxy */;
		};
/* End PBXTargetDependency section */

/* Begin PBXVariantGroup section */
		599077421CF2F0BE0057581D /* LaunchScreen.storyboard */ = {
			isa = PBXVariantGroup;
			children = (
				599077431CF2F0BE0057581D /* Base */,
			);
			name = LaunchScreen.storyboard;
			sourceTree = "<group>";
		};
/* End PBXVariantGroup section */

/* Begin XCBuildConfiguration section */
		599077511CF2F0C00057581D /* Debug */ = {
			isa = XCBuildConfiguration;
			buildSettings = {
				ALWAYS_SEARCH_USER_PATHS = NO;
				CLANG_ANALYZER_NONNULL = YES;
				CLANG_CXX_LANGUAGE_STANDARD = "gnu++0x";
				CLANG_CXX_LIBRARY = "libc++";
				CLANG_ENABLE_MODULES = YES;
				CLANG_ENABLE_OBJC_ARC = YES;
				CLANG_WARN_BOOL_CONVERSION = YES;
				CLANG_WARN_CONSTANT_CONVERSION = YES;
				CLANG_WARN_DIRECT_OBJC_ISA_USAGE = YES_ERROR;
				CLANG_WARN_EMPTY_BODY = YES;
				CLANG_WARN_ENUM_CONVERSION = YES;
				CLANG_WARN_INT_CONVERSION = YES;
				CLANG_WARN_OBJC_ROOT_CLASS = YES_ERROR;
				CLANG_WARN_UNREACHABLE_CODE = YES;
				CLANG_WARN__DUPLICATE_METHOD_MATCH = YES;
				"CODE_SIGN_IDENTITY[sdk=iphoneos*]" = "iPhone Developer";
				COPY_PHASE_STRIP = NO;
				DEBUG_INFORMATION_FORMAT = dwarf;
				ENABLE_STRICT_OBJC_MSGSEND = YES;
				ENABLE_TESTABILITY = YES;
				GCC_C_LANGUAGE_STANDARD = gnu99;
				GCC_DYNAMIC_NO_PIC = NO;
				GCC_NO_COMMON_BLOCKS = YES;
				GCC_OPTIMIZATION_LEVEL = 0;
				GCC_PREPROCESSOR_DEFINITIONS = (
					"DEBUG=1",
					"$(inherited)",
				);
				GCC_WARN_64_TO_32_BIT_CONVERSION = YES;
				GCC_WARN_ABOUT_RETURN_TYPE = YES_ERROR;
				GCC_WARN_UNDECLARED_SELECTOR = YES;
				GCC_WARN_UNINITIALIZED_AUTOS = YES_AGGRESSIVE;
				GCC_WARN_UNUSED_FUNCTION = YES;
				GCC_WARN_UNUSED_VARIABLE = YES;
				IPHONEOS_DEPLOYMENT_TARGET = 9.3;
				MTL_ENABLE_DEBUG_INFO = YES;
				ONLY_ACTIVE_ARCH = YES;
				SDKROOT = iphoneos;
				TARGETED_DEVICE_FAMILY = "1,2";
			};
			name = Debug;
		};
		599077521CF2F0C00057581D /* Release */ = {
			isa = XCBuildConfiguration;
			buildSettings = {
				ALWAYS_SEARCH_USER_PATHS = NO;
				CLANG_ANALYZER_NONNULL = YES;
				CLANG_CXX_LANGUAGE_STANDARD = "gnu++0x";
				CLANG_CXX_LIBRARY = "libc++";
				CLANG_ENABLE_MODULES = YES;
				CLANG_ENABLE_OBJC_ARC = YES;
				CLANG_WARN_BOOL_CONVERSION = YES;
				CLANG_WARN_CONSTANT_CONVERSION = YES;
				CLANG_WARN_DIRECT_OBJC_ISA_USAGE = YES_ERROR;
				CLANG_WARN_EMPTY_BODY = YES;
				CLANG_WARN_ENUM_CONVERSION = YES;
				CLANG_WARN_INT_CONVERSION = YES;
				CLANG_WARN_OBJC_ROOT_CLASS = YES_ERROR;
				CLANG_WARN_UNREACHABLE_CODE = YES;
				CLANG_WARN__DUPLICATE_METHOD_MATCH = YES;
				"CODE_SIGN_IDENTITY[sdk=iphoneos*]" = "iPhone Developer";
				COPY_PHASE_STRIP = NO;
				DEBUG_INFORMATION_FORMAT = "dwarf-with-dsym";
				ENABLE_NS_ASSERTIONS = NO;
				ENABLE_STRICT_OBJC_MSGSEND = YES;
				GCC_C_LANGUAGE_STANDARD = gnu99;
				GCC_NO_COMMON_BLOCKS = YES;
				GCC_WARN_64_TO_32_BIT_CONVERSION = YES;
				GCC_WARN_ABOUT_RETURN_TYPE = YES_ERROR;
				GCC_WARN_UNDECLARED_SELECTOR = YES;
				GCC_WARN_UNINITIALIZED_AUTOS = YES_AGGRESSIVE;
				GCC_WARN_UNUSED_FUNCTION = YES;
				GCC_WARN_UNUSED_VARIABLE = YES;
				IPHONEOS_DEPLOYMENT_TARGET = 9.3;
				MTL_ENABLE_DEBUG_INFO = NO;
				SDKROOT = iphoneos;
				TARGETED_DEVICE_FAMILY = "1,2";
				VALIDATE_PRODUCT = YES;
			};
			name = Release;
		};
		599077541CF2F0C10057581D /* Debug */ = {
			isa = XCBuildConfiguration;
			buildSettings = {
				ASSETCATALOG_COMPILER_APPICON_NAME = AppIcon;
				INFOPLIST_FILE = StudyGameProject/Info.plist;
				IPHONEOS_DEPLOYMENT_TARGET = 6.0;
				LD_RUNPATH_SEARCH_PATHS = "$(inherited) @executable_path/Frameworks";
				PRODUCT_BUNDLE_IDENTIFIER = com.rhinoda.StudyGameProject;
				PRODUCT_NAME = "$(TARGET_NAME)";
			};
			name = Debug;
		};
		599077551CF2F0C10057581D /* Release */ = {
			isa = XCBuildConfiguration;
			buildSettings = {
				ASSETCATALOG_COMPILER_APPICON_NAME = AppIcon;
				INFOPLIST_FILE = StudyGameProject/Info.plist;
				IPHONEOS_DEPLOYMENT_TARGET = 6.0;
				LD_RUNPATH_SEARCH_PATHS = "$(inherited) @executable_path/Frameworks";
				PRODUCT_BUNDLE_IDENTIFIER = com.rhinoda.StudyGameProject;
				PRODUCT_NAME = "$(TARGET_NAME)";
			};
			name = Release;
		};
		599077571CF2F0C10057581D /* Debug */ = {
			isa = XCBuildConfiguration;
			buildSettings = {
				BUNDLE_LOADER = "$(TEST_HOST)";
				INFOPLIST_FILE = StudyGameProjectTests/Info.plist;
				LD_RUNPATH_SEARCH_PATHS = "$(inherited) @executable_path/Frameworks @loader_path/Frameworks";
				PRODUCT_BUNDLE_IDENTIFIER = com.rhinoda.StudyGameProjectTests;
				PRODUCT_NAME = "$(TARGET_NAME)";
				TEST_HOST = "$(BUILT_PRODUCTS_DIR)/StudyGameProject.app/StudyGameProject";
			};
			name = Debug;
		};
		599077581CF2F0C10057581D /* Release */ = {
			isa = XCBuildConfiguration;
			buildSettings = {
				BUNDLE_LOADER = "$(TEST_HOST)";
				INFOPLIST_FILE = StudyGameProjectTests/Info.plist;
				LD_RUNPATH_SEARCH_PATHS = "$(inherited) @executable_path/Frameworks @loader_path/Frameworks";
				PRODUCT_BUNDLE_IDENTIFIER = com.rhinoda.StudyGameProjectTests;
				PRODUCT_NAME = "$(TARGET_NAME)";
				TEST_HOST = "$(BUILT_PRODUCTS_DIR)/StudyGameProject.app/StudyGameProject";
			};
			name = Release;
		};
/* End XCBuildConfiguration section */

/* Begin XCConfigurationList section */
		599077291CF2F0B30057581D /* Build configuration list for PBXProject "StudyGameProject" */ = {
			isa = XCConfigurationList;
			buildConfigurations = (
				599077511CF2F0C00057581D /* Debug */,
				599077521CF2F0C00057581D /* Release */,
			);
			defaultConfigurationIsVisible = 0;
			defaultConfigurationName = Release;
		};
		599077531CF2F0C10057581D /* Build configuration list for PBXNativeTarget "StudyGameProject" */ = {
			isa = XCConfigurationList;
			buildConfigurations = (
				599077541CF2F0C10057581D /* Debug */,
				599077551CF2F0C10057581D /* Release */,
			);
			defaultConfigurationIsVisible = 0;
			defaultConfigurationName = Release;
		};
		599077561CF2F0C10057581D /* Build configuration list for PBXNativeTarget "StudyGameProjectTests" */ = {
			isa = XCConfigurationList;
			buildConfigurations = (
				599077571CF2F0C10057581D /* Debug */,
				599077581CF2F0C10057581D /* Release */,
			);
			defaultConfigurationIsVisible = 0;
			defaultConfigurationName = Release;
		};
/* End XCConfigurationList section */

/* Begin XCVersionGroup section */
		5990773D1CF2F0BD0057581D /* StudyGameProject.xcdatamodeld */ = {
			isa = XCVersionGroup;
			children = (
				5990773E1CF2F0BD0057581D /* StudyGameProject.xcdatamodel */,
			);
			currentVersion = 5990773E1CF2F0BD0057581D /* StudyGameProject.xcdatamodel */;
			path = StudyGameProject.xcdatamodeld;
			sourceTree = "<group>";
			versionGroupType = wrapper.xcdatamodel;
		};
/* End XCVersionGroup section */
	};
	rootObject = 599077261CF2F0B30057581D /* Project object */;
}
